// !$*UTF8*$!
{
	archiveVersion = 1;
	classes = {
	};
	objectVersion = 56;
	objects = {

/* Begin PBXBuildFile section */
		7208FDA02B910F990040313D /* ForecastResponse.swift in Sources */ = {isa = PBXBuildFile; fileRef = 7208FD9F2B910F990040313D /* ForecastResponse.swift */; };
		7208FDA42B911F270040313D /* WeatherView.swift in Sources */ = {isa = PBXBuildFile; fileRef = 7208FDA32B911F270040313D /* WeatherView.swift */; };
		7208FDA72B913E800040313D /* SDWebImageSwiftUI in Frameworks */ = {isa = PBXBuildFile; productRef = 7208FDA62B913E800040313D /* SDWebImageSwiftUI */; };
		7218AE832C15A1CC00009983 /* UserProfileViewModel.swift in Sources */ = {isa = PBXBuildFile; fileRef = 7218AE822C15A1CC00009983 /* UserProfileViewModel.swift */; };
		7218AE852C17448C00009983 /* FriendProfileModel.swift in Sources */ = {isa = PBXBuildFile; fileRef = 7218AE842C17448C00009983 /* FriendProfileModel.swift */; };
		7218AE872C17451D00009983 /* FriendProfileViewModel.swift in Sources */ = {isa = PBXBuildFile; fileRef = 7218AE862C17451D00009983 /* FriendProfileViewModel.swift */; };
		7218AE892C17461200009983 /* FriendProfileView.swift in Sources */ = {isa = PBXBuildFile; fileRef = 7218AE882C17461200009983 /* FriendProfileView.swift */; };
		7218AE8B2C175D3E00009983 /* FriendPostsViewModel.swift in Sources */ = {isa = PBXBuildFile; fileRef = 7218AE8A2C175D3E00009983 /* FriendPostsViewModel.swift */; };
		7218AE8D2C175E5A00009983 /* FriendPostsView.swift in Sources */ = {isa = PBXBuildFile; fileRef = 7218AE8C2C175E5A00009983 /* FriendPostsView.swift */; };
		7218AE8F2C177FDB00009983 /* FriendProductViewModel.swift in Sources */ = {isa = PBXBuildFile; fileRef = 7218AE8E2C177FDB00009983 /* FriendProductViewModel.swift */; };
		7218AE932C17814600009983 /* FriendPrroductItemView.swift in Sources */ = {isa = PBXBuildFile; fileRef = 7218AE922C17814600009983 /* FriendPrroductItemView.swift */; };
		7218AE952C17833400009983 /* FrriendAllPrroducts.swift in Sources */ = {isa = PBXBuildFile; fileRef = 7218AE942C17833400009983 /* FrriendAllPrroducts.swift */; };
		721F901B2BFA25A700693D12 /* MyPostsView.swift in Sources */ = {isa = PBXBuildFile; fileRef = 721F901A2BFA25A700693D12 /* MyPostsView.swift */; };
		721F901D2BFA27A100693D12 /* MyPostsViewModel.swift in Sources */ = {isa = PBXBuildFile; fileRef = 721F901C2BFA27A100693D12 /* MyPostsViewModel.swift */; };
		722DAAC82BF8903B00FE703D /* AddPostView.swift in Sources */ = {isa = PBXBuildFile; fileRef = 722DAAC72BF8903B00FE703D /* AddPostView.swift */; };
		722DAACA2BF89AAD00FE703D /* PostModel.swift in Sources */ = {isa = PBXBuildFile; fileRef = 722DAAC92BF89AAD00FE703D /* PostModel.swift */; };
		722DAACC2BF89B0900FE703D /* AddPostViewModel.swift in Sources */ = {isa = PBXBuildFile; fileRef = 722DAACB2BF89B0900FE703D /* AddPostViewModel.swift */; };
		722DAACE2BF9D76900FE703D /* AllPostsViewModel.swift in Sources */ = {isa = PBXBuildFile; fileRef = 722DAACD2BF9D76900FE703D /* AllPostsViewModel.swift */; };
		722DAAD02BF9DB7200FE703D /* AllPostsView.swift in Sources */ = {isa = PBXBuildFile; fileRef = 722DAACF2BF9DB7200FE703D /* AllPostsView.swift */; };
		7230F78A2BF1F911000BA6E1 /* FishModel.swift in Sources */ = {isa = PBXBuildFile; fileRef = 7230F7892BF1F911000BA6E1 /* FishModel.swift */; };
		7230F78D2BF1FAE5000BA6E1 /* FishViewModel.swift in Sources */ = {isa = PBXBuildFile; fileRef = 7230F78C2BF1FAE5000BA6E1 /* FishViewModel.swift */; };
		7230F7902BF1FBB4000BA6E1 /* FishItemView.swift in Sources */ = {isa = PBXBuildFile; fileRef = 7230F78F2BF1FBB4000BA6E1 /* FishItemView.swift */; };
		7230F7922BF1FEE4000BA6E1 /* AllFishesView.swift in Sources */ = {isa = PBXBuildFile; fileRef = 7230F7912BF1FEE4000BA6E1 /* AllFishesView.swift */; };
		7230F7942BF209B5000BA6E1 /* FishDetaisView.swift in Sources */ = {isa = PBXBuildFile; fileRef = 7230F7932BF209B5000BA6E1 /* FishDetaisView.swift */; };
		724DDCFB2B9C63050088879F /* WebServices.swift in Sources */ = {isa = PBXBuildFile; fileRef = 724DDCFA2B9C63050088879F /* WebServices.swift */; };
		724DDCFE2B9C6FBD0088879F /* LoginViewModel.swift in Sources */ = {isa = PBXBuildFile; fileRef = 724DDCFD2B9C6FBD0088879F /* LoginViewModel.swift */; };
		725135E92C18D3B300A2A239 /* AdminProfileView.swift in Sources */ = {isa = PBXBuildFile; fileRef = 725135E82C18D3B300A2A239 /* AdminProfileView.swift */; };
		725135EB2C18DEE500A2A239 /* ReportedPostViewItem.swift in Sources */ = {isa = PBXBuildFile; fileRef = 725135EA2C18DEE500A2A239 /* ReportedPostViewItem.swift */; };
		7259F91B2B8406BF00DA1AD0 /* LottieView.swift in Sources */ = {isa = PBXBuildFile; fileRef = 7259F91A2B8406BF00DA1AD0 /* LottieView.swift */; };
		7259F91D2B8411C800DA1AD0 /* SplashScreenView.swift in Sources */ = {isa = PBXBuildFile; fileRef = 7259F91C2B8411C800DA1AD0 /* SplashScreenView.swift */; };
		725A52032BD5350700F3E32D /* MyProdectItem.swift in Sources */ = {isa = PBXBuildFile; fileRef = 725A52022BD5350700F3E32D /* MyProdectItem.swift */; };
		725E83D12BF78FA1004787EC /* MyPostView.swift in Sources */ = {isa = PBXBuildFile; fileRef = 725E83D02BF78FA1004787EC /* MyPostView.swift */; };
		726714732BC4C09700333B90 /* AllProductsViewModel.swift in Sources */ = {isa = PBXBuildFile; fileRef = 726714722BC4C09700333B90 /* AllProductsViewModel.swift */; };
		726714772BC4CC7B00333B90 /* ProductModel.swift in Sources */ = {isa = PBXBuildFile; fileRef = 726714762BC4CC7B00333B90 /* ProductModel.swift */; };
		7267147A2BC4D97400333B90 /* data.swift in Sources */ = {isa = PBXBuildFile; fileRef = 726714792BC4D97400333B90 /* data.swift */; };
		727190352C1CD70C0011555B /* ReportPostsViewModel.swift in Sources */ = {isa = PBXBuildFile; fileRef = 727190342C1CD70C0011555B /* ReportPostsViewModel.swift */; };
		727190372C1CD9400011555B /* AllReportedPosts.swift in Sources */ = {isa = PBXBuildFile; fileRef = 727190362C1CD9400011555B /* AllReportedPosts.swift */; };
		7274DEA22BE4DB69008212B4 /* MainTabCustom.swift in Sources */ = {isa = PBXBuildFile; fileRef = 7274DEA12BE4DB69008212B4 /* MainTabCustom.swift */; };
		727D220F2B729BD70079FE9E /* Fish_BookApp.swift in Sources */ = {isa = PBXBuildFile; fileRef = 727D220E2B729BD70079FE9E /* Fish_BookApp.swift */; };
		727D22112B729BD70079FE9E /* WelcomeView.swift in Sources */ = {isa = PBXBuildFile; fileRef = 727D22102B729BD70079FE9E /* WelcomeView.swift */; };
		727D22132B729BDE0079FE9E /* Assets.xcassets in Resources */ = {isa = PBXBuildFile; fileRef = 727D22122B729BDE0079FE9E /* Assets.xcassets */; };
		727D22162B729BDE0079FE9E /* Preview Assets.xcassets in Resources */ = {isa = PBXBuildFile; fileRef = 727D22152B729BDE0079FE9E /* Preview Assets.xcassets */; };
		727D22202B729BDE0079FE9E /* Fish_BookTests.swift in Sources */ = {isa = PBXBuildFile; fileRef = 727D221F2B729BDE0079FE9E /* Fish_BookTests.swift */; };
		727D222A2B729BDE0079FE9E /* Fish_BookUITests.swift in Sources */ = {isa = PBXBuildFile; fileRef = 727D22292B729BDE0079FE9E /* Fish_BookUITests.swift */; };
		727D222C2B729BDE0079FE9E /* Fish_BookUITestsLaunchTests.swift in Sources */ = {isa = PBXBuildFile; fileRef = 727D222B2B729BDE0079FE9E /* Fish_BookUITestsLaunchTests.swift */; };
		727D22392B729C0B0079FE9E /* Validations.swift in Sources */ = {isa = PBXBuildFile; fileRef = 727D22382B729C0B0079FE9E /* Validations.swift */; };
		727D223B2B72B2580079FE9E /* LoginView.swift in Sources */ = {isa = PBXBuildFile; fileRef = 727D223A2B72B2580079FE9E /* LoginView.swift */; };
		727D223D2B72B2BD0079FE9E /* RegestrationView.swift in Sources */ = {isa = PBXBuildFile; fileRef = 727D223C2B72B2BD0079FE9E /* RegestrationView.swift */; };
		7284103D2BC722E9004FB570 /* MainTapp.swift in Sources */ = {isa = PBXBuildFile; fileRef = 7284103C2BC722E9004FB570 /* MainTapp.swift */; };
		7284103F2BC75993004FB570 /* ProductDetailsView.swift in Sources */ = {isa = PBXBuildFile; fileRef = 7284103E2BC75993004FB570 /* ProductDetailsView.swift */; };
		728977EA2C1CECE20089AB45 /* ReportedProoductViewModel.swift in Sources */ = {isa = PBXBuildFile; fileRef = 728977E92C1CECE20089AB45 /* ReportedProoductViewModel.swift */; };
		728977EC2C1CEDC80089AB45 /* ReportedProductItemView.swift in Sources */ = {isa = PBXBuildFile; fileRef = 728977EB2C1CEDC80089AB45 /* ReportedProductItemView.swift */; };
		728977EE2C1CEFEF0089AB45 /* AllReportedProductsView.swift in Sources */ = {isa = PBXBuildFile; fileRef = 728977ED2C1CEFEF0089AB45 /* AllReportedProductsView.swift */; };
		7290071D2BA8A8C100FEA563 /* ShopView.swift in Sources */ = {isa = PBXBuildFile; fileRef = 7290071C2BA8A8C100FEA563 /* ShopView.swift */; };
		7290071F2BA8AA6600FEA563 /* SearchTextField.swift in Sources */ = {isa = PBXBuildFile; fileRef = 7290071E2BA8AA6600FEA563 /* SearchTextField.swift */; };
		729007212BA8AAA900FEA563 /* PasswordText.swift in Sources */ = {isa = PBXBuildFile; fileRef = 729007202BA8AAA900FEA563 /* PasswordText.swift */; };
		729007232BA8AB2200FEA563 /* EmailText.swift in Sources */ = {isa = PBXBuildFile; fileRef = 729007222BA8AB2200FEA563 /* EmailText.swift */; };
		729007252BA8B4C600FEA563 /* ProductCell.swift in Sources */ = {isa = PBXBuildFile; fileRef = 729007242BA8B4C600FEA563 /* ProductCell.swift */; };
		729276012B83D69C005BC34B /* GifView.swift in Sources */ = {isa = PBXBuildFile; fileRef = 729276002B83D69C005BC34B /* GifView.swift */; };
		729276032B83D6BC005BC34B /* fishing-gif-image.gif in Resources */ = {isa = PBXBuildFile; fileRef = 729276022B83D6BC005BC34B /* fishing-gif-image.gif */; };
		729276052B83DBF7005BC34B /* lottie-Animation-1 -.json in Resources */ = {isa = PBXBuildFile; fileRef = 729276042B83DBF7005BC34B /* lottie-Animation-1 -.json */; };
		729276072B83DC00005BC34B /* lottie-Animation-2 -.json in Resources */ = {isa = PBXBuildFile; fileRef = 729276062B83DC00005BC34B /* lottie-Animation-2 -.json */; };
		729DF9A02BCE139D003D4165 /* FavouriteProductsViewModel.swift in Sources */ = {isa = PBXBuildFile; fileRef = 729DF99F2BCE139D003D4165 /* FavouriteProductsViewModel.swift */; };
		729DF9A22BCE14C6003D4165 /* FavouriteProductItem.swift in Sources */ = {isa = PBXBuildFile; fileRef = 729DF9A12BCE14C6003D4165 /* FavouriteProductItem.swift */; };
		729DF9A62BCE4737003D4165 /* ProductSFavView.swift in Sources */ = {isa = PBXBuildFile; fileRef = 729DF9A52BCE4737003D4165 /* ProductSFavView.swift */; };
		72A61DDD2BAD9DA7002FEA85 /* AddProductViewModel.swift in Sources */ = {isa = PBXBuildFile; fileRef = 72A61DDC2BAD9DA7002FEA85 /* AddProductViewModel.swift */; };
		72A61DDF2BADC998002FEA85 /* ImagePicker.swift in Sources */ = {isa = PBXBuildFile; fileRef = 72A61DDE2BADC998002FEA85 /* ImagePicker.swift */; };
		72B9454B2B8538370021D718 /* AllowNotificationView.swift in Sources */ = {isa = PBXBuildFile; fileRef = 72B9454A2B8538360021D718 /* AllowNotificationView.swift */; };
		72CD7F662BC707150076618C /* ProduuctItemHeaderView.swift in Sources */ = {isa = PBXBuildFile; fileRef = 72CD7F652BC707150076618C /* ProduuctItemHeaderView.swift */; };
		72D091982BD7BBA60046789B /* MyProductViewModel.swift in Sources */ = {isa = PBXBuildFile; fileRef = 72D091972BD7BBA60046789B /* MyProductViewModel.swift */; };
		72D0919A2BD7C3C80046789B /* MyProductsView.swift in Sources */ = {isa = PBXBuildFile; fileRef = 72D091992BD7C3C80046789B /* MyProductsView.swift */; };
		72D0919C2BD7D7930046789B /* UpdateProductView.swift in Sources */ = {isa = PBXBuildFile; fileRef = 72D0919B2BD7D7930046789B /* UpdateProductView.swift */; };
		72D091A02BD800300046789B /* AuthenticationModeel.swift in Sources */ = {isa = PBXBuildFile; fileRef = 72D0919F2BD800300046789B /* AuthenticationModeel.swift */; };
		72D324C12C14B1E0009277C8 /* PostView.swift in Sources */ = {isa = PBXBuildFile; fileRef = 72D324C02C14B1E0009277C8 /* PostView.swift */; };
		72D324C72C14D138009277C8 /* AllCommentsView.swift in Sources */ = {isa = PBXBuildFile; fileRef = 72D324C62C14D138009277C8 /* AllCommentsView.swift */; };
		72D324C92C14F72A009277C8 /* CommentView.swift in Sources */ = {isa = PBXBuildFile; fileRef = 72D324C82C14F72A009277C8 /* CommentView.swift */; };
		72D324CB2C14FD1E009277C8 /* AppDelegate.swift in Sources */ = {isa = PBXBuildFile; fileRef = 72D324CA2C14FD1E009277C8 /* AppDelegate.swift */; };
		72D324CD2C14FF86009277C8 /* CommentModel.swift in Sources */ = {isa = PBXBuildFile; fileRef = 72D324CC2C14FF86009277C8 /* CommentModel.swift */; };
		72D324CF2C150217009277C8 /* AddCoommentViewModel.swift in Sources */ = {isa = PBXBuildFile; fileRef = 72D324CE2C150217009277C8 /* AddCoommentViewModel.swift */; };
		72D324D12C150538009277C8 /* AllCommentViewModel.swift in Sources */ = {isa = PBXBuildFile; fileRef = 72D324D02C150538009277C8 /* AllCommentViewModel.swift */; };
		72D973012BF4CBBF00B8C7AA /* UpdateProductViewModel.swift in Sources */ = {isa = PBXBuildFile; fileRef = 72D973002BF4CBBF00B8C7AA /* UpdateProductViewModel.swift */; };
		72E8799F2BDE430800258CF6 /* UserInfoModel.swift in Sources */ = {isa = PBXBuildFile; fileRef = 72E8799E2BDE430800258CF6 /* UserInfoModel.swift */; };
		72E879A12BDE43DC00258CF6 /* UpdateUserInfoView.swift in Sources */ = {isa = PBXBuildFile; fileRef = 72E879A02BDE43DC00258CF6 /* UpdateUserInfoView.swift */; };
		72E879A32BDE5B6F00258CF6 /* UpdateUserInfoViewModel.swift in Sources */ = {isa = PBXBuildFile; fileRef = 72E879A22BDE5B6F00258CF6 /* UpdateUserInfoViewModel.swift */; };
		72F5F3B52B9F5BFF00269998 /* SignUpViewModel.swift in Sources */ = {isa = PBXBuildFile; fileRef = 72F5F3B42B9F5BFF00269998 /* SignUpViewModel.swift */; };
		72FCD9FD2BCCF6A500A896FD /* ProfileView.swift in Sources */ = {isa = PBXBuildFile; fileRef = 72FCD9FC2BCCF6A500A896FD /* ProfileView.swift */; };
		72FD90772BA6146600501FBC /* AddProductView.swift in Sources */ = {isa = PBXBuildFile; fileRef = 72FD90762BA6146600501FBC /* AddProductView.swift */; };
		B276432AB9E2CEC124B32537 /* Pods_Fish_Book.framework in Frameworks */ = {isa = PBXBuildFile; fileRef = EC7DC69BB12E01568D3616AD /* Pods_Fish_Book.framework */; };
		CED69211A0019DCB728D0901 /* Pods_Fish_BookTests.framework in Frameworks */ = {isa = PBXBuildFile; fileRef = 210B6A7EEFC7D968E985365C /* Pods_Fish_BookTests.framework */; };
		EAF1BB132C11B184145140F0 /* Pods_Fish_Book_Fish_BookUITests.framework in Frameworks */ = {isa = PBXBuildFile; fileRef = 40342627ECA2CC1458FA30D3 /* Pods_Fish_Book_Fish_BookUITests.framework */; };
/* End PBXBuildFile section */

/* Begin PBXContainerItemProxy section */
		727D221C2B729BDE0079FE9E /* PBXContainerItemProxy */ = {
			isa = PBXContainerItemProxy;
			containerPortal = 727D22032B729BD70079FE9E /* Project object */;
			proxyType = 1;
			remoteGlobalIDString = 727D220A2B729BD70079FE9E;
			remoteInfo = "Fish Book";
		};
		727D22262B729BDE0079FE9E /* PBXContainerItemProxy */ = {
			isa = PBXContainerItemProxy;
			containerPortal = 727D22032B729BD70079FE9E /* Project object */;
			proxyType = 1;
			remoteGlobalIDString = 727D220A2B729BD70079FE9E;
			remoteInfo = "Fish Book";
		};
/* End PBXContainerItemProxy section */

/* Begin PBXFileReference section */
		02C4EFE5DAA60BE95FEFC36F /* Pods-Fish Book-Fish BookUITests.release.xcconfig */ = {isa = PBXFileReference; includeInIndex = 1; lastKnownFileType = text.xcconfig; name = "Pods-Fish Book-Fish BookUITests.release.xcconfig"; path = "Target Support Files/Pods-Fish Book-Fish BookUITests/Pods-Fish Book-Fish BookUITests.release.xcconfig"; sourceTree = "<group>"; };
		210B6A7EEFC7D968E985365C /* Pods_Fish_BookTests.framework */ = {isa = PBXFileReference; explicitFileType = wrapper.framework; includeInIndex = 0; path = Pods_Fish_BookTests.framework; sourceTree = BUILT_PRODUCTS_DIR; };
		34CB37A20DB19F4882D4CDDF /* Pods-Fish Book.debug.xcconfig */ = {isa = PBXFileReference; includeInIndex = 1; lastKnownFileType = text.xcconfig; name = "Pods-Fish Book.debug.xcconfig"; path = "Target Support Files/Pods-Fish Book/Pods-Fish Book.debug.xcconfig"; sourceTree = "<group>"; };
		40342627ECA2CC1458FA30D3 /* Pods_Fish_Book_Fish_BookUITests.framework */ = {isa = PBXFileReference; explicitFileType = wrapper.framework; includeInIndex = 0; path = Pods_Fish_Book_Fish_BookUITests.framework; sourceTree = BUILT_PRODUCTS_DIR; };
		7208FD9F2B910F990040313D /* ForecastResponse.swift */ = {isa = PBXFileReference; lastKnownFileType = sourcecode.swift; path = ForecastResponse.swift; sourceTree = "<group>"; };
		7208FDA32B911F270040313D /* WeatherView.swift */ = {isa = PBXFileReference; lastKnownFileType = sourcecode.swift; path = WeatherView.swift; sourceTree = "<group>"; };
		7218AE822C15A1CC00009983 /* UserProfileViewModel.swift */ = {isa = PBXFileReference; lastKnownFileType = sourcecode.swift; path = UserProfileViewModel.swift; sourceTree = "<group>"; };
		7218AE842C17448C00009983 /* FriendProfileModel.swift */ = {isa = PBXFileReference; lastKnownFileType = sourcecode.swift; path = FriendProfileModel.swift; sourceTree = "<group>"; };
		7218AE862C17451D00009983 /* FriendProfileViewModel.swift */ = {isa = PBXFileReference; lastKnownFileType = sourcecode.swift; path = FriendProfileViewModel.swift; sourceTree = "<group>"; };
		7218AE882C17461200009983 /* FriendProfileView.swift */ = {isa = PBXFileReference; lastKnownFileType = sourcecode.swift; path = FriendProfileView.swift; sourceTree = "<group>"; };
		7218AE8A2C175D3E00009983 /* FriendPostsViewModel.swift */ = {isa = PBXFileReference; lastKnownFileType = sourcecode.swift; path = FriendPostsViewModel.swift; sourceTree = "<group>"; };
		7218AE8C2C175E5A00009983 /* FriendPostsView.swift */ = {isa = PBXFileReference; lastKnownFileType = sourcecode.swift; path = FriendPostsView.swift; sourceTree = "<group>"; };
		7218AE8E2C177FDB00009983 /* FriendProductViewModel.swift */ = {isa = PBXFileReference; lastKnownFileType = sourcecode.swift; path = FriendProductViewModel.swift; sourceTree = "<group>"; };
		7218AE922C17814600009983 /* FriendPrroductItemView.swift */ = {isa = PBXFileReference; lastKnownFileType = sourcecode.swift; path = FriendPrroductItemView.swift; sourceTree = "<group>"; };
		7218AE942C17833400009983 /* FrriendAllPrroducts.swift */ = {isa = PBXFileReference; lastKnownFileType = sourcecode.swift; path = FrriendAllPrroducts.swift; sourceTree = "<group>"; };
		721F901A2BFA25A700693D12 /* MyPostsView.swift */ = {isa = PBXFileReference; lastKnownFileType = sourcecode.swift; path = MyPostsView.swift; sourceTree = "<group>"; };
		721F901C2BFA27A100693D12 /* MyPostsViewModel.swift */ = {isa = PBXFileReference; lastKnownFileType = sourcecode.swift; path = MyPostsViewModel.swift; sourceTree = "<group>"; };
		722DAAC72BF8903B00FE703D /* AddPostView.swift */ = {isa = PBXFileReference; lastKnownFileType = sourcecode.swift; path = AddPostView.swift; sourceTree = "<group>"; };
		722DAAC92BF89AAD00FE703D /* PostModel.swift */ = {isa = PBXFileReference; lastKnownFileType = sourcecode.swift; path = PostModel.swift; sourceTree = "<group>"; };
		722DAACB2BF89B0900FE703D /* AddPostViewModel.swift */ = {isa = PBXFileReference; lastKnownFileType = sourcecode.swift; path = AddPostViewModel.swift; sourceTree = "<group>"; };
		722DAACD2BF9D76900FE703D /* AllPostsViewModel.swift */ = {isa = PBXFileReference; lastKnownFileType = sourcecode.swift; path = AllPostsViewModel.swift; sourceTree = "<group>"; };
		722DAACF2BF9DB7200FE703D /* AllPostsView.swift */ = {isa = PBXFileReference; lastKnownFileType = sourcecode.swift; path = AllPostsView.swift; sourceTree = "<group>"; };
		7230F7892BF1F911000BA6E1 /* FishModel.swift */ = {isa = PBXFileReference; lastKnownFileType = sourcecode.swift; path = FishModel.swift; sourceTree = "<group>"; };
		7230F78C2BF1FAE5000BA6E1 /* FishViewModel.swift */ = {isa = PBXFileReference; lastKnownFileType = sourcecode.swift; path = FishViewModel.swift; sourceTree = "<group>"; };
		7230F78F2BF1FBB4000BA6E1 /* FishItemView.swift */ = {isa = PBXFileReference; lastKnownFileType = sourcecode.swift; path = FishItemView.swift; sourceTree = "<group>"; };
		7230F7912BF1FEE4000BA6E1 /* AllFishesView.swift */ = {isa = PBXFileReference; lastKnownFileType = sourcecode.swift; path = AllFishesView.swift; sourceTree = "<group>"; };
		7230F7932BF209B5000BA6E1 /* FishDetaisView.swift */ = {isa = PBXFileReference; lastKnownFileType = sourcecode.swift; path = FishDetaisView.swift; sourceTree = "<group>"; };
		724DDCFA2B9C63050088879F /* WebServices.swift */ = {isa = PBXFileReference; lastKnownFileType = sourcecode.swift; path = WebServices.swift; sourceTree = "<group>"; };
		724DDCFD2B9C6FBD0088879F /* LoginViewModel.swift */ = {isa = PBXFileReference; lastKnownFileType = sourcecode.swift; path = LoginViewModel.swift; sourceTree = "<group>"; };
		725135E82C18D3B300A2A239 /* AdminProfileView.swift */ = {isa = PBXFileReference; lastKnownFileType = sourcecode.swift; path = AdminProfileView.swift; sourceTree = "<group>"; };
		725135EA2C18DEE500A2A239 /* ReportedPostViewItem.swift */ = {isa = PBXFileReference; lastKnownFileType = sourcecode.swift; path = ReportedPostViewItem.swift; sourceTree = "<group>"; };
		7259F91A2B8406BF00DA1AD0 /* LottieView.swift */ = {isa = PBXFileReference; lastKnownFileType = sourcecode.swift; path = LottieView.swift; sourceTree = "<group>"; };
		7259F91C2B8411C800DA1AD0 /* SplashScreenView.swift */ = {isa = PBXFileReference; lastKnownFileType = sourcecode.swift; path = SplashScreenView.swift; sourceTree = "<group>"; };
		725A52022BD5350700F3E32D /* MyProdectItem.swift */ = {isa = PBXFileReference; lastKnownFileType = sourcecode.swift; path = MyProdectItem.swift; sourceTree = "<group>"; };
		725E83D02BF78FA1004787EC /* MyPostView.swift */ = {isa = PBXFileReference; lastKnownFileType = sourcecode.swift; path = MyPostView.swift; sourceTree = "<group>"; };
		726714722BC4C09700333B90 /* AllProductsViewModel.swift */ = {isa = PBXFileReference; lastKnownFileType = sourcecode.swift; path = AllProductsViewModel.swift; sourceTree = "<group>"; };
		726714762BC4CC7B00333B90 /* ProductModel.swift */ = {isa = PBXFileReference; lastKnownFileType = sourcecode.swift; path = ProductModel.swift; sourceTree = "<group>"; };
		726714792BC4D97400333B90 /* data.swift */ = {isa = PBXFileReference; lastKnownFileType = sourcecode.swift; path = data.swift; sourceTree = "<group>"; };
		727190342C1CD70C0011555B /* ReportPostsViewModel.swift */ = {isa = PBXFileReference; lastKnownFileType = sourcecode.swift; path = ReportPostsViewModel.swift; sourceTree = "<group>"; };
		727190362C1CD9400011555B /* AllReportedPosts.swift */ = {isa = PBXFileReference; lastKnownFileType = sourcecode.swift; path = AllReportedPosts.swift; sourceTree = "<group>"; };
		7274DEA12BE4DB69008212B4 /* MainTabCustom.swift */ = {isa = PBXFileReference; lastKnownFileType = sourcecode.swift; path = MainTabCustom.swift; sourceTree = "<group>"; };
		727D220B2B729BD70079FE9E /* Fish Book.app */ = {isa = PBXFileReference; explicitFileType = wrapper.application; includeInIndex = 0; path = "Fish Book.app"; sourceTree = BUILT_PRODUCTS_DIR; };
		727D220E2B729BD70079FE9E /* Fish_BookApp.swift */ = {isa = PBXFileReference; lastKnownFileType = sourcecode.swift; path = Fish_BookApp.swift; sourceTree = "<group>"; };
		727D22102B729BD70079FE9E /* WelcomeView.swift */ = {isa = PBXFileReference; lastKnownFileType = sourcecode.swift; path = WelcomeView.swift; sourceTree = "<group>"; };
		727D22122B729BDE0079FE9E /* Assets.xcassets */ = {isa = PBXFileReference; lastKnownFileType = folder.assetcatalog; path = Assets.xcassets; sourceTree = "<group>"; };
		727D22152B729BDE0079FE9E /* Preview Assets.xcassets */ = {isa = PBXFileReference; lastKnownFileType = folder.assetcatalog; path = "Preview Assets.xcassets"; sourceTree = "<group>"; };
		727D221B2B729BDE0079FE9E /* Fish BookTests.xctest */ = {isa = PBXFileReference; explicitFileType = wrapper.cfbundle; includeInIndex = 0; path = "Fish BookTests.xctest"; sourceTree = BUILT_PRODUCTS_DIR; };
		727D221F2B729BDE0079FE9E /* Fish_BookTests.swift */ = {isa = PBXFileReference; lastKnownFileType = sourcecode.swift; path = Fish_BookTests.swift; sourceTree = "<group>"; };
		727D22252B729BDE0079FE9E /* Fish BookUITests.xctest */ = {isa = PBXFileReference; explicitFileType = wrapper.cfbundle; includeInIndex = 0; path = "Fish BookUITests.xctest"; sourceTree = BUILT_PRODUCTS_DIR; };
		727D22292B729BDE0079FE9E /* Fish_BookUITests.swift */ = {isa = PBXFileReference; lastKnownFileType = sourcecode.swift; path = Fish_BookUITests.swift; sourceTree = "<group>"; };
		727D222B2B729BDE0079FE9E /* Fish_BookUITestsLaunchTests.swift */ = {isa = PBXFileReference; lastKnownFileType = sourcecode.swift; path = Fish_BookUITestsLaunchTests.swift; sourceTree = "<group>"; };
		727D22382B729C0B0079FE9E /* Validations.swift */ = {isa = PBXFileReference; fileEncoding = 4; lastKnownFileType = sourcecode.swift; path = Validations.swift; sourceTree = "<group>"; };
		727D223A2B72B2580079FE9E /* LoginView.swift */ = {isa = PBXFileReference; lastKnownFileType = sourcecode.swift; path = LoginView.swift; sourceTree = "<group>"; };
		727D223C2B72B2BD0079FE9E /* RegestrationView.swift */ = {isa = PBXFileReference; lastKnownFileType = sourcecode.swift; path = RegestrationView.swift; sourceTree = "<group>"; };
		7284103C2BC722E9004FB570 /* MainTapp.swift */ = {isa = PBXFileReference; lastKnownFileType = sourcecode.swift; path = MainTapp.swift; sourceTree = "<group>"; };
		7284103E2BC75993004FB570 /* ProductDetailsView.swift */ = {isa = PBXFileReference; lastKnownFileType = sourcecode.swift; path = ProductDetailsView.swift; sourceTree = "<group>"; };
		728977E92C1CECE20089AB45 /* ReportedProoductViewModel.swift */ = {isa = PBXFileReference; lastKnownFileType = sourcecode.swift; path = ReportedProoductViewModel.swift; sourceTree = "<group>"; };
		728977EB2C1CEDC80089AB45 /* ReportedProductItemView.swift */ = {isa = PBXFileReference; lastKnownFileType = sourcecode.swift; path = ReportedProductItemView.swift; sourceTree = "<group>"; };
		728977ED2C1CEFEF0089AB45 /* AllReportedProductsView.swift */ = {isa = PBXFileReference; lastKnownFileType = sourcecode.swift; path = AllReportedProductsView.swift; sourceTree = "<group>"; };
		7290071C2BA8A8C100FEA563 /* ShopView.swift */ = {isa = PBXFileReference; lastKnownFileType = sourcecode.swift; path = ShopView.swift; sourceTree = "<group>"; };
		7290071E2BA8AA6600FEA563 /* SearchTextField.swift */ = {isa = PBXFileReference; lastKnownFileType = sourcecode.swift; path = SearchTextField.swift; sourceTree = "<group>"; };
		729007202BA8AAA900FEA563 /* PasswordText.swift */ = {isa = PBXFileReference; lastKnownFileType = sourcecode.swift; path = PasswordText.swift; sourceTree = "<group>"; };
		729007222BA8AB2200FEA563 /* EmailText.swift */ = {isa = PBXFileReference; lastKnownFileType = sourcecode.swift; path = EmailText.swift; sourceTree = "<group>"; };
		729007242BA8B4C600FEA563 /* ProductCell.swift */ = {isa = PBXFileReference; lastKnownFileType = sourcecode.swift; path = ProductCell.swift; sourceTree = "<group>"; };
		729276002B83D69C005BC34B /* GifView.swift */ = {isa = PBXFileReference; fileEncoding = 4; lastKnownFileType = sourcecode.swift; path = GifView.swift; sourceTree = "<group>"; };
		729276022B83D6BC005BC34B /* fishing-gif-image.gif */ = {isa = PBXFileReference; lastKnownFileType = image.gif; path = "fishing-gif-image.gif"; sourceTree = "<group>"; };
		729276042B83DBF7005BC34B /* lottie-Animation-1 -.json */ = {isa = PBXFileReference; fileEncoding = 4; lastKnownFileType = text.json; path = "lottie-Animation-1 -.json"; sourceTree = "<group>"; };
		729276062B83DC00005BC34B /* lottie-Animation-2 -.json */ = {isa = PBXFileReference; fileEncoding = 4; lastKnownFileType = text.json; path = "lottie-Animation-2 -.json"; sourceTree = "<group>"; };
		729DF99F2BCE139D003D4165 /* FavouriteProductsViewModel.swift */ = {isa = PBXFileReference; lastKnownFileType = sourcecode.swift; path = FavouriteProductsViewModel.swift; sourceTree = "<group>"; };
		729DF9A12BCE14C6003D4165 /* FavouriteProductItem.swift */ = {isa = PBXFileReference; lastKnownFileType = sourcecode.swift; path = FavouriteProductItem.swift; sourceTree = "<group>"; };
		729DF9A52BCE4737003D4165 /* ProductSFavView.swift */ = {isa = PBXFileReference; lastKnownFileType = sourcecode.swift; path = ProductSFavView.swift; sourceTree = "<group>"; };
		72A61DDC2BAD9DA7002FEA85 /* AddProductViewModel.swift */ = {isa = PBXFileReference; lastKnownFileType = sourcecode.swift; path = AddProductViewModel.swift; sourceTree = "<group>"; };
		72A61DDE2BADC998002FEA85 /* ImagePicker.swift */ = {isa = PBXFileReference; lastKnownFileType = sourcecode.swift; path = ImagePicker.swift; sourceTree = "<group>"; };
		72B9454A2B8538360021D718 /* AllowNotificationView.swift */ = {isa = PBXFileReference; lastKnownFileType = sourcecode.swift; path = AllowNotificationView.swift; sourceTree = "<group>"; };
		72CD7F652BC707150076618C /* ProduuctItemHeaderView.swift */ = {isa = PBXFileReference; lastKnownFileType = sourcecode.swift; path = ProduuctItemHeaderView.swift; sourceTree = "<group>"; };
		72D091972BD7BBA60046789B /* MyProductViewModel.swift */ = {isa = PBXFileReference; lastKnownFileType = sourcecode.swift; path = MyProductViewModel.swift; sourceTree = "<group>"; };
		72D091992BD7C3C80046789B /* MyProductsView.swift */ = {isa = PBXFileReference; lastKnownFileType = sourcecode.swift; path = MyProductsView.swift; sourceTree = "<group>"; };
		72D0919B2BD7D7930046789B /* UpdateProductView.swift */ = {isa = PBXFileReference; lastKnownFileType = sourcecode.swift; path = UpdateProductView.swift; sourceTree = "<group>"; };
		72D0919F2BD800300046789B /* AuthenticationModeel.swift */ = {isa = PBXFileReference; lastKnownFileType = sourcecode.swift; path = AuthenticationModeel.swift; sourceTree = "<group>"; };
		72D324C02C14B1E0009277C8 /* PostView.swift */ = {isa = PBXFileReference; lastKnownFileType = sourcecode.swift; path = PostView.swift; sourceTree = "<group>"; };
		72D324C62C14D138009277C8 /* AllCommentsView.swift */ = {isa = PBXFileReference; lastKnownFileType = sourcecode.swift; path = AllCommentsView.swift; sourceTree = "<group>"; };
		72D324C82C14F72A009277C8 /* CommentView.swift */ = {isa = PBXFileReference; lastKnownFileType = sourcecode.swift; path = CommentView.swift; sourceTree = "<group>"; };
		72D324CA2C14FD1E009277C8 /* AppDelegate.swift */ = {isa = PBXFileReference; lastKnownFileType = sourcecode.swift; path = AppDelegate.swift; sourceTree = "<group>"; };
		72D324CC2C14FF86009277C8 /* CommentModel.swift */ = {isa = PBXFileReference; lastKnownFileType = sourcecode.swift; path = CommentModel.swift; sourceTree = "<group>"; };
		72D324CE2C150217009277C8 /* AddCoommentViewModel.swift */ = {isa = PBXFileReference; lastKnownFileType = sourcecode.swift; path = AddCoommentViewModel.swift; sourceTree = "<group>"; };
		72D324D02C150538009277C8 /* AllCommentViewModel.swift */ = {isa = PBXFileReference; lastKnownFileType = sourcecode.swift; path = AllCommentViewModel.swift; sourceTree = "<group>"; };
		72D973002BF4CBBF00B8C7AA /* UpdateProductViewModel.swift */ = {isa = PBXFileReference; lastKnownFileType = sourcecode.swift; path = UpdateProductViewModel.swift; sourceTree = "<group>"; };
		72E8799E2BDE430800258CF6 /* UserInfoModel.swift */ = {isa = PBXFileReference; lastKnownFileType = sourcecode.swift; path = UserInfoModel.swift; sourceTree = "<group>"; };
		72E879A02BDE43DC00258CF6 /* UpdateUserInfoView.swift */ = {isa = PBXFileReference; lastKnownFileType = sourcecode.swift; path = UpdateUserInfoView.swift; sourceTree = "<group>"; };
		72E879A22BDE5B6F00258CF6 /* UpdateUserInfoViewModel.swift */ = {isa = PBXFileReference; lastKnownFileType = sourcecode.swift; path = UpdateUserInfoViewModel.swift; sourceTree = "<group>"; };
		72F5F3B42B9F5BFF00269998 /* SignUpViewModel.swift */ = {isa = PBXFileReference; lastKnownFileType = sourcecode.swift; path = SignUpViewModel.swift; sourceTree = "<group>"; };
		72FCD9FC2BCCF6A500A896FD /* ProfileView.swift */ = {isa = PBXFileReference; lastKnownFileType = sourcecode.swift; path = ProfileView.swift; sourceTree = "<group>"; };
		72FD90762BA6146600501FBC /* AddProductView.swift */ = {isa = PBXFileReference; lastKnownFileType = sourcecode.swift; path = AddProductView.swift; sourceTree = "<group>"; };
		79AC893579327CC9926EE561 /* Pods-Fish Book.release.xcconfig */ = {isa = PBXFileReference; includeInIndex = 1; lastKnownFileType = text.xcconfig; name = "Pods-Fish Book.release.xcconfig"; path = "Target Support Files/Pods-Fish Book/Pods-Fish Book.release.xcconfig"; sourceTree = "<group>"; };
		820E85FC8824F1B3797207BD /* Pods-Fish BookTests.release.xcconfig */ = {isa = PBXFileReference; includeInIndex = 1; lastKnownFileType = text.xcconfig; name = "Pods-Fish BookTests.release.xcconfig"; path = "Target Support Files/Pods-Fish BookTests/Pods-Fish BookTests.release.xcconfig"; sourceTree = "<group>"; };
		A2D4B9684C52382D0D28BC49 /* Pods-Fish BookTests.debug.xcconfig */ = {isa = PBXFileReference; includeInIndex = 1; lastKnownFileType = text.xcconfig; name = "Pods-Fish BookTests.debug.xcconfig"; path = "Target Support Files/Pods-Fish BookTests/Pods-Fish BookTests.debug.xcconfig"; sourceTree = "<group>"; };
		E6C3737C26D76F981C2D463E /* Pods-Fish Book-Fish BookUITests.debug.xcconfig */ = {isa = PBXFileReference; includeInIndex = 1; lastKnownFileType = text.xcconfig; name = "Pods-Fish Book-Fish BookUITests.debug.xcconfig"; path = "Target Support Files/Pods-Fish Book-Fish BookUITests/Pods-Fish Book-Fish BookUITests.debug.xcconfig"; sourceTree = "<group>"; };
		EC7DC69BB12E01568D3616AD /* Pods_Fish_Book.framework */ = {isa = PBXFileReference; explicitFileType = wrapper.framework; includeInIndex = 0; path = Pods_Fish_Book.framework; sourceTree = BUILT_PRODUCTS_DIR; };
/* End PBXFileReference section */

/* Begin PBXFrameworksBuildPhase section */
		727D22082B729BD70079FE9E /* Frameworks */ = {
			isa = PBXFrameworksBuildPhase;
			buildActionMask = 2147483647;
			files = (
				7208FDA72B913E800040313D /* SDWebImageSwiftUI in Frameworks */,
				B276432AB9E2CEC124B32537 /* Pods_Fish_Book.framework in Frameworks */,
			);
			runOnlyForDeploymentPostprocessing = 0;
		};
		727D22182B729BDE0079FE9E /* Frameworks */ = {
			isa = PBXFrameworksBuildPhase;
			buildActionMask = 2147483647;
			files = (
				CED69211A0019DCB728D0901 /* Pods_Fish_BookTests.framework in Frameworks */,
			);
			runOnlyForDeploymentPostprocessing = 0;
		};
		727D22222B729BDE0079FE9E /* Frameworks */ = {
			isa = PBXFrameworksBuildPhase;
			buildActionMask = 2147483647;
			files = (
				EAF1BB132C11B184145140F0 /* Pods_Fish_Book_Fish_BookUITests.framework in Frameworks */,
			);
			runOnlyForDeploymentPostprocessing = 0;
		};
/* End PBXFrameworksBuildPhase section */

/* Begin PBXGroup section */
		0CF06E3C86211686D8675905 /* Pods */ = {
			isa = PBXGroup;
			children = (
				34CB37A20DB19F4882D4CDDF /* Pods-Fish Book.debug.xcconfig */,
				79AC893579327CC9926EE561 /* Pods-Fish Book.release.xcconfig */,
				E6C3737C26D76F981C2D463E /* Pods-Fish Book-Fish BookUITests.debug.xcconfig */,
				02C4EFE5DAA60BE95FEFC36F /* Pods-Fish Book-Fish BookUITests.release.xcconfig */,
				A2D4B9684C52382D0D28BC49 /* Pods-Fish BookTests.debug.xcconfig */,
				820E85FC8824F1B3797207BD /* Pods-Fish BookTests.release.xcconfig */,
			);
			path = Pods;
			sourceTree = "<group>";
		};
		0F96E231041D035EE3DA6167 /* Frameworks */ = {
			isa = PBXGroup;
			children = (
				EC7DC69BB12E01568D3616AD /* Pods_Fish_Book.framework */,
				40342627ECA2CC1458FA30D3 /* Pods_Fish_Book_Fish_BookUITests.framework */,
				210B6A7EEFC7D968E985365C /* Pods_Fish_BookTests.framework */,
			);
			name = Frameworks;
			sourceTree = "<group>";
		};
		7218AE812C159DE000009983 /* ProfileView */ = {
			isa = PBXGroup;
			children = (
				72FCD9FC2BCCF6A500A896FD /* ProfileView.swift */,
				7218AE882C17461200009983 /* FriendProfileView.swift */,
			);
			path = ProfileView;
			sourceTree = "<group>";
		};
		7230F78B2BF1FA4C000BA6E1 /* Shop */ = {
			isa = PBXGroup;
			children = (
				72D0919B2BD7D7930046789B /* UpdateProductView.swift */,
				729007242BA8B4C600FEA563 /* ProductCell.swift */,
				72FD90762BA6146600501FBC /* AddProductView.swift */,
				7290071C2BA8A8C100FEA563 /* ShopView.swift */,
				72CD7F652BC707150076618C /* ProduuctItemHeaderView.swift */,
				7284103E2BC75993004FB570 /* ProductDetailsView.swift */,
				729DF9A12BCE14C6003D4165 /* FavouriteProductItem.swift */,
				729DF9A52BCE4737003D4165 /* ProductSFavView.swift */,
				725A52022BD5350700F3E32D /* MyProdectItem.swift */,
				72D091992BD7C3C80046789B /* MyProductsView.swift */,
				7218AE922C17814600009983 /* FriendPrroductItemView.swift */,
				7218AE942C17833400009983 /* FrriendAllPrroducts.swift */,
			);
			path = Shop;
			sourceTree = "<group>";
		};
		7230F78E2BF1FB8F000BA6E1 /* Fish */ = {
			isa = PBXGroup;
			children = (
				7230F78F2BF1FBB4000BA6E1 /* FishItemView.swift */,
				7230F7912BF1FEE4000BA6E1 /* AllFishesView.swift */,
				7230F7932BF209B5000BA6E1 /* FishDetaisView.swift */,
			);
			path = Fish;
			sourceTree = "<group>";
		};
		724DDCF92B9C62D50088879F /* Services */ = {
			isa = PBXGroup;
			children = (
				724DDCFA2B9C63050088879F /* WebServices.swift */,
			);
			path = Services;
			sourceTree = "<group>";
		};
		724DDCFC2B9C6F8E0088879F /*  View Models */ = {
			isa = PBXGroup;
			children = (
				724DDCFD2B9C6FBD0088879F /* LoginViewModel.swift */,
				72F5F3B42B9F5BFF00269998 /* SignUpViewModel.swift */,
				72A61DDC2BAD9DA7002FEA85 /* AddProductViewModel.swift */,
				726714722BC4C09700333B90 /* AllProductsViewModel.swift */,
				729DF99F2BCE139D003D4165 /* FavouriteProductsViewModel.swift */,
				72D091972BD7BBA60046789B /* MyProductViewModel.swift */,
				72E879A22BDE5B6F00258CF6 /* UpdateUserInfoViewModel.swift */,
				7230F78C2BF1FAE5000BA6E1 /* FishViewModel.swift */,
				72D973002BF4CBBF00B8C7AA /* UpdateProductViewModel.swift */,
				722DAACB2BF89B0900FE703D /* AddPostViewModel.swift */,
				722DAACD2BF9D76900FE703D /* AllPostsViewModel.swift */,
				721F901C2BFA27A100693D12 /* MyPostsViewModel.swift */,
				72D324CE2C150217009277C8 /* AddCoommentViewModel.swift */,
				72D324D02C150538009277C8 /* AllCommentViewModel.swift */,
				7218AE822C15A1CC00009983 /* UserProfileViewModel.swift */,
				7218AE862C17451D00009983 /* FriendProfileViewModel.swift */,
				7218AE8A2C175D3E00009983 /* FriendPostsViewModel.swift */,
				7218AE8E2C177FDB00009983 /* FriendProductViewModel.swift */,
				727190342C1CD70C0011555B /* ReportPostsViewModel.swift */,
				728977E92C1CECE20089AB45 /* ReportedProoductViewModel.swift */,
			);
			path = " View Models";
			sourceTree = "<group>";
		};
		725135E72C18D39300A2A239 /* Admin View */ = {
			isa = PBXGroup;
			children = (
				725135E82C18D3B300A2A239 /* AdminProfileView.swift */,
				725135EA2C18DEE500A2A239 /* ReportedPostViewItem.swift */,
				727190362C1CD9400011555B /* AllReportedPosts.swift */,
				728977EB2C1CEDC80089AB45 /* ReportedProductItemView.swift */,
				728977ED2C1CEFEF0089AB45 /* AllReportedProductsView.swift */,
			);
			path = "Admin View";
			sourceTree = "<group>";
		};
		725E83CF2BF78F7A004787EC /* Post */ = {
			isa = PBXGroup;
			children = (
				725E83D02BF78FA1004787EC /* MyPostView.swift */,
				722DAAC72BF8903B00FE703D /* AddPostView.swift */,
				722DAACF2BF9DB7200FE703D /* AllPostsView.swift */,
				721F901A2BFA25A700693D12 /* MyPostsView.swift */,
				72D324C02C14B1E0009277C8 /* PostView.swift */,
				72D324C62C14D138009277C8 /* AllCommentsView.swift */,
				72D324C82C14F72A009277C8 /* CommentView.swift */,
				7218AE8C2C175E5A00009983 /* FriendPostsView.swift */,
			);
			path = Post;
			sourceTree = "<group>";
		};
		726714742BC4C13100333B90 /* View */ = {
			isa = PBXGroup;
			children = (
				725135E72C18D39300A2A239 /* Admin View */,
				7218AE812C159DE000009983 /* ProfileView */,
				725E83CF2BF78F7A004787EC /* Post */,
				7230F78E2BF1FB8F000BA6E1 /* Fish */,
				7230F78B2BF1FA4C000BA6E1 /* Shop */,
				7259F91C2B8411C800DA1AD0 /* SplashScreenView.swift */,
				727D22102B729BD70079FE9E /* WelcomeView.swift */,
				727D223C2B72B2BD0079FE9E /* RegestrationView.swift */,
				72B9454A2B8538360021D718 /* AllowNotificationView.swift */,
				727D223A2B72B2580079FE9E /* LoginView.swift */,
				7208FDA32B911F270040313D /* WeatherView.swift */,
				7284103C2BC722E9004FB570 /* MainTapp.swift */,
				72E879A02BDE43DC00258CF6 /* UpdateUserInfoView.swift */,
				7274DEA12BE4DB69008212B4 /* MainTabCustom.swift */,
			);
			path = View;
			sourceTree = "<group>";
		};
		726714752BC4C14100333B90 /* Model */ = {
			isa = PBXGroup;
			children = (
				7208FD9F2B910F990040313D /* ForecastResponse.swift */,
				726714762BC4CC7B00333B90 /* ProductModel.swift */,
				72D0919F2BD800300046789B /* AuthenticationModeel.swift */,
				72E8799E2BDE430800258CF6 /* UserInfoModel.swift */,
				7230F7892BF1F911000BA6E1 /* FishModel.swift */,
				722DAAC92BF89AAD00FE703D /* PostModel.swift */,
				72D324CC2C14FF86009277C8 /* CommentModel.swift */,
				7218AE842C17448C00009983 /* FriendProfileModel.swift */,
			);
			path = Model;
			sourceTree = "<group>";
		};
		726714782BC4CCF500333B90 /* Data */ = {
			isa = PBXGroup;
			children = (
				726714792BC4D97400333B90 /* data.swift */,
			);
			path = Data;
			sourceTree = "<group>";
		};
		727D22022B729BD70079FE9E = {
			isa = PBXGroup;
			children = (
				727D220D2B729BD70079FE9E /* Fish Book */,
				727D221E2B729BDE0079FE9E /* Fish BookTests */,
				727D22282B729BDE0079FE9E /* Fish BookUITests */,
				727D220C2B729BD70079FE9E /* Products */,
				0CF06E3C86211686D8675905 /* Pods */,
				0F96E231041D035EE3DA6167 /* Frameworks */,
			);
			sourceTree = "<group>";
		};
		727D220C2B729BD70079FE9E /* Products */ = {
			isa = PBXGroup;
			children = (
				727D220B2B729BD70079FE9E /* Fish Book.app */,
				727D221B2B729BDE0079FE9E /* Fish BookTests.xctest */,
				727D22252B729BDE0079FE9E /* Fish BookUITests.xctest */,
			);
			name = Products;
			sourceTree = "<group>";
		};
		727D220D2B729BD70079FE9E /* Fish Book */ = {
			isa = PBXGroup;
			children = (
				727D220E2B729BD70079FE9E /* Fish_BookApp.swift */,
				726714782BC4CCF500333B90 /* Data */,
				726714752BC4C14100333B90 /* Model */,
				726714742BC4C13100333B90 /* View */,
				724DDCFC2B9C6F8E0088879F /*  View Models */,
				724DDCF92B9C62D50088879F /* Services */,
				72B945502B855E440021D718 /* UICommon */,
				729276042B83DBF7005BC34B /* lottie-Animation-1 -.json */,
				729276062B83DC00005BC34B /* lottie-Animation-2 -.json */,
				727D22122B729BDE0079FE9E /* Assets.xcassets */,
				729276022B83D6BC005BC34B /* fishing-gif-image.gif */,
				727D22142B729BDE0079FE9E /* Preview Content */,
			);
			path = "Fish Book";
			sourceTree = "<group>";
		};
		727D22142B729BDE0079FE9E /* Preview Content */ = {
			isa = PBXGroup;
			children = (
				727D22152B729BDE0079FE9E /* Preview Assets.xcassets */,
			);
			path = "Preview Content";
			sourceTree = "<group>";
		};
		727D221E2B729BDE0079FE9E /* Fish BookTests */ = {
			isa = PBXGroup;
			children = (
				727D221F2B729BDE0079FE9E /* Fish_BookTests.swift */,
			);
			path = "Fish BookTests";
			sourceTree = "<group>";
		};
		727D22282B729BDE0079FE9E /* Fish BookUITests */ = {
			isa = PBXGroup;
			children = (
				727D22292B729BDE0079FE9E /* Fish_BookUITests.swift */,
				727D222B2B729BDE0079FE9E /* Fish_BookUITestsLaunchTests.swift */,
			);
			path = "Fish BookUITests";
			sourceTree = "<group>";
		};
		72B945502B855E440021D718 /* UICommon */ = {
			isa = PBXGroup;
			children = (
				7259F91A2B8406BF00DA1AD0 /* LottieView.swift */,
				729276002B83D69C005BC34B /* GifView.swift */,
				727D22382B729C0B0079FE9E /* Validations.swift */,
				7290071E2BA8AA6600FEA563 /* SearchTextField.swift */,
				729007202BA8AAA900FEA563 /* PasswordText.swift */,
				729007222BA8AB2200FEA563 /* EmailText.swift */,
				72A61DDE2BADC998002FEA85 /* ImagePicker.swift */,
				72D324CA2C14FD1E009277C8 /* AppDelegate.swift */,
			);
			path = UICommon;
			sourceTree = "<group>";
		};
/* End PBXGroup section */

/* Begin PBXNativeTarget section */
		727D220A2B729BD70079FE9E /* Fish Book */ = {
			isa = PBXNativeTarget;
			buildConfigurationList = 727D222F2B729BDE0079FE9E /* Build configuration list for PBXNativeTarget "Fish Book" */;
			buildPhases = (
				19A327FCE84B79DF1ECA0CAD /* [CP] Check Pods Manifest.lock */,
				727D22072B729BD70079FE9E /* Sources */,
				727D22082B729BD70079FE9E /* Frameworks */,
				727D22092B729BD70079FE9E /* Resources */,
				8C018EBD7393E39A77A365CD /* [CP] Embed Pods Frameworks */,
			);
			buildRules = (
			);
			dependencies = (
			);
			name = "Fish Book";
			packageProductDependencies = (
				7208FDA62B913E800040313D /* SDWebImageSwiftUI */,
			);
			productName = "Fish Book";
			productReference = 727D220B2B729BD70079FE9E /* Fish Book.app */;
			productType = "com.apple.product-type.application";
		};
		727D221A2B729BDE0079FE9E /* Fish BookTests */ = {
			isa = PBXNativeTarget;
			buildConfigurationList = 727D22322B729BDE0079FE9E /* Build configuration list for PBXNativeTarget "Fish BookTests" */;
			buildPhases = (
				37E0D3C3548DD1BAC9DB2492 /* [CP] Check Pods Manifest.lock */,
				727D22172B729BDE0079FE9E /* Sources */,
				727D22182B729BDE0079FE9E /* Frameworks */,
				727D22192B729BDE0079FE9E /* Resources */,
			);
			buildRules = (
			);
			dependencies = (
				727D221D2B729BDE0079FE9E /* PBXTargetDependency */,
			);
			name = "Fish BookTests";
			productName = "Fish BookTests";
			productReference = 727D221B2B729BDE0079FE9E /* Fish BookTests.xctest */;
			productType = "com.apple.product-type.bundle.unit-test";
		};
		727D22242B729BDE0079FE9E /* Fish BookUITests */ = {
			isa = PBXNativeTarget;
			buildConfigurationList = 727D22352B729BDE0079FE9E /* Build configuration list for PBXNativeTarget "Fish BookUITests" */;
			buildPhases = (
				0E05D866022E961978C399C4 /* [CP] Check Pods Manifest.lock */,
				727D22212B729BDE0079FE9E /* Sources */,
				727D22222B729BDE0079FE9E /* Frameworks */,
				727D22232B729BDE0079FE9E /* Resources */,
				D05EA708412CB7D7BC27C62F /* [CP] Embed Pods Frameworks */,
			);
			buildRules = (
			);
			dependencies = (
				727D22272B729BDE0079FE9E /* PBXTargetDependency */,
			);
			name = "Fish BookUITests";
			productName = "Fish BookUITests";
			productReference = 727D22252B729BDE0079FE9E /* Fish BookUITests.xctest */;
			productType = "com.apple.product-type.bundle.ui-testing";
		};
/* End PBXNativeTarget section */

/* Begin PBXProject section */
		727D22032B729BD70079FE9E /* Project object */ = {
			isa = PBXProject;
			attributes = {
				BuildIndependentTargetsInParallel = 1;
				LastSwiftUpdateCheck = 1430;
				LastUpgradeCheck = 1430;
				TargetAttributes = {
					727D220A2B729BD70079FE9E = {
						CreatedOnToolsVersion = 14.3.1;
					};
					727D221A2B729BDE0079FE9E = {
						CreatedOnToolsVersion = 14.3.1;
						TestTargetID = 727D220A2B729BD70079FE9E;
					};
					727D22242B729BDE0079FE9E = {
						CreatedOnToolsVersion = 14.3.1;
						TestTargetID = 727D220A2B729BD70079FE9E;
					};
				};
			};
			buildConfigurationList = 727D22062B729BD70079FE9E /* Build configuration list for PBXProject "Fish Book" */;
			compatibilityVersion = "Xcode 14.0";
			developmentRegion = en;
			hasScannedForEncodings = 0;
			knownRegions = (
				en,
				Base,
			);
			mainGroup = 727D22022B729BD70079FE9E;
			packageReferences = (
				7208FDA52B913E800040313D /* XCRemoteSwiftPackageReference "SDWebImageSwiftUI" */,
			);
			productRefGroup = 727D220C2B729BD70079FE9E /* Products */;
			projectDirPath = "";
			projectRoot = "";
			targets = (
				727D220A2B729BD70079FE9E /* Fish Book */,
				727D221A2B729BDE0079FE9E /* Fish BookTests */,
				727D22242B729BDE0079FE9E /* Fish BookUITests */,
			);
		};
/* End PBXProject section */

/* Begin PBXResourcesBuildPhase section */
		727D22092B729BD70079FE9E /* Resources */ = {
			isa = PBXResourcesBuildPhase;
			buildActionMask = 2147483647;
			files = (
				729276072B83DC00005BC34B /* lottie-Animation-2 -.json in Resources */,
				727D22162B729BDE0079FE9E /* Preview Assets.xcassets in Resources */,
				729276052B83DBF7005BC34B /* lottie-Animation-1 -.json in Resources */,
				729276032B83D6BC005BC34B /* fishing-gif-image.gif in Resources */,
				727D22132B729BDE0079FE9E /* Assets.xcassets in Resources */,
			);
			runOnlyForDeploymentPostprocessing = 0;
		};
		727D22192B729BDE0079FE9E /* Resources */ = {
			isa = PBXResourcesBuildPhase;
			buildActionMask = 2147483647;
			files = (
			);
			runOnlyForDeploymentPostprocessing = 0;
		};
		727D22232B729BDE0079FE9E /* Resources */ = {
			isa = PBXResourcesBuildPhase;
			buildActionMask = 2147483647;
			files = (
			);
			runOnlyForDeploymentPostprocessing = 0;
		};
/* End PBXResourcesBuildPhase section */

/* Begin PBXShellScriptBuildPhase section */
		0E05D866022E961978C399C4 /* [CP] Check Pods Manifest.lock */ = {
			isa = PBXShellScriptBuildPhase;
			buildActionMask = 2147483647;
			files = (
			);
			inputFileListPaths = (
			);
			inputPaths = (
				"${PODS_PODFILE_DIR_PATH}/Podfile.lock",
				"${PODS_ROOT}/Manifest.lock",
			);
			name = "[CP] Check Pods Manifest.lock";
			outputFileListPaths = (
			);
			outputPaths = (
				"$(DERIVED_FILE_DIR)/Pods-Fish Book-Fish BookUITests-checkManifestLockResult.txt",
			);
			runOnlyForDeploymentPostprocessing = 0;
			shellPath = /bin/sh;
			shellScript = "diff \"${PODS_PODFILE_DIR_PATH}/Podfile.lock\" \"${PODS_ROOT}/Manifest.lock\" > /dev/null\nif [ $? != 0 ] ; then\n    # print error to STDERR\n    echo \"error: The sandbox is not in sync with the Podfile.lock. Run 'pod install' or update your CocoaPods installation.\" >&2\n    exit 1\nfi\n# This output is used by Xcode 'outputs' to avoid re-running this script phase.\necho \"SUCCESS\" > \"${SCRIPT_OUTPUT_FILE_0}\"\n";
			showEnvVarsInLog = 0;
		};
		19A327FCE84B79DF1ECA0CAD /* [CP] Check Pods Manifest.lock */ = {
			isa = PBXShellScriptBuildPhase;
			buildActionMask = 2147483647;
			files = (
			);
			inputFileListPaths = (
			);
			inputPaths = (
				"${PODS_PODFILE_DIR_PATH}/Podfile.lock",
				"${PODS_ROOT}/Manifest.lock",
			);
			name = "[CP] Check Pods Manifest.lock";
			outputFileListPaths = (
			);
			outputPaths = (
				"$(DERIVED_FILE_DIR)/Pods-Fish Book-checkManifestLockResult.txt",
			);
			runOnlyForDeploymentPostprocessing = 0;
			shellPath = /bin/sh;
			shellScript = "diff \"${PODS_PODFILE_DIR_PATH}/Podfile.lock\" \"${PODS_ROOT}/Manifest.lock\" > /dev/null\nif [ $? != 0 ] ; then\n    # print error to STDERR\n    echo \"error: The sandbox is not in sync with the Podfile.lock. Run 'pod install' or update your CocoaPods installation.\" >&2\n    exit 1\nfi\n# This output is used by Xcode 'outputs' to avoid re-running this script phase.\necho \"SUCCESS\" > \"${SCRIPT_OUTPUT_FILE_0}\"\n";
			showEnvVarsInLog = 0;
		};
		37E0D3C3548DD1BAC9DB2492 /* [CP] Check Pods Manifest.lock */ = {
			isa = PBXShellScriptBuildPhase;
			buildActionMask = 2147483647;
			files = (
			);
			inputFileListPaths = (
			);
			inputPaths = (
				"${PODS_PODFILE_DIR_PATH}/Podfile.lock",
				"${PODS_ROOT}/Manifest.lock",
			);
			name = "[CP] Check Pods Manifest.lock";
			outputFileListPaths = (
			);
			outputPaths = (
				"$(DERIVED_FILE_DIR)/Pods-Fish BookTests-checkManifestLockResult.txt",
			);
			runOnlyForDeploymentPostprocessing = 0;
			shellPath = /bin/sh;
			shellScript = "diff \"${PODS_PODFILE_DIR_PATH}/Podfile.lock\" \"${PODS_ROOT}/Manifest.lock\" > /dev/null\nif [ $? != 0 ] ; then\n    # print error to STDERR\n    echo \"error: The sandbox is not in sync with the Podfile.lock. Run 'pod install' or update your CocoaPods installation.\" >&2\n    exit 1\nfi\n# This output is used by Xcode 'outputs' to avoid re-running this script phase.\necho \"SUCCESS\" > \"${SCRIPT_OUTPUT_FILE_0}\"\n";
			showEnvVarsInLog = 0;
		};
		8C018EBD7393E39A77A365CD /* [CP] Embed Pods Frameworks */ = {
			isa = PBXShellScriptBuildPhase;
			buildActionMask = 2147483647;
			files = (
			);
			inputFileListPaths = (
				"${PODS_ROOT}/Target Support Files/Pods-Fish Book/Pods-Fish Book-frameworks-${CONFIGURATION}-input-files.xcfilelist",
			);
			name = "[CP] Embed Pods Frameworks";
			outputFileListPaths = (
				"${PODS_ROOT}/Target Support Files/Pods-Fish Book/Pods-Fish Book-frameworks-${CONFIGURATION}-output-files.xcfilelist",
			);
			runOnlyForDeploymentPostprocessing = 0;
			shellPath = /bin/sh;
			shellScript = "\"${PODS_ROOT}/Target Support Files/Pods-Fish Book/Pods-Fish Book-frameworks.sh\"\n";
			showEnvVarsInLog = 0;
		};
		D05EA708412CB7D7BC27C62F /* [CP] Embed Pods Frameworks */ = {
			isa = PBXShellScriptBuildPhase;
			buildActionMask = 2147483647;
			files = (
			);
			inputFileListPaths = (
				"${PODS_ROOT}/Target Support Files/Pods-Fish Book-Fish BookUITests/Pods-Fish Book-Fish BookUITests-frameworks-${CONFIGURATION}-input-files.xcfilelist",
			);
			name = "[CP] Embed Pods Frameworks";
			outputFileListPaths = (
				"${PODS_ROOT}/Target Support Files/Pods-Fish Book-Fish BookUITests/Pods-Fish Book-Fish BookUITests-frameworks-${CONFIGURATION}-output-files.xcfilelist",
			);
			runOnlyForDeploymentPostprocessing = 0;
			shellPath = /bin/sh;
			shellScript = "\"${PODS_ROOT}/Target Support Files/Pods-Fish Book-Fish BookUITests/Pods-Fish Book-Fish BookUITests-frameworks.sh\"\n";
			showEnvVarsInLog = 0;
		};
/* End PBXShellScriptBuildPhase section */

/* Begin PBXSourcesBuildPhase section */
		727D22072B729BD70079FE9E /* Sources */ = {
			isa = PBXSourcesBuildPhase;
			buildActionMask = 2147483647;
			files = (
				729DF9A02BCE139D003D4165 /* FavouriteProductsViewModel.swift in Sources */,
				72D091982BD7BBA60046789B /* MyProductViewModel.swift in Sources */,
				7290071F2BA8AA6600FEA563 /* SearchTextField.swift in Sources */,
				72D0919C2BD7D7930046789B /* UpdateProductView.swift in Sources */,
				7230F78D2BF1FAE5000BA6E1 /* FishViewModel.swift in Sources */,
				728977EE2C1CEFEF0089AB45 /* AllReportedProductsView.swift in Sources */,
				72FD90772BA6146600501FBC /* AddProductView.swift in Sources */,
				72F5F3B52B9F5BFF00269998 /* SignUpViewModel.swift in Sources */,
				725E83D12BF78FA1004787EC /* MyPostView.swift in Sources */,
				72D324C72C14D138009277C8 /* AllCommentsView.swift in Sources */,
				721F901B2BFA25A700693D12 /* MyPostsView.swift in Sources */,
				729007212BA8AAA900FEA563 /* PasswordText.swift in Sources */,
				72D091A02BD800300046789B /* AuthenticationModeel.swift in Sources */,
				7284103D2BC722E9004FB570 /* MainTapp.swift in Sources */,
				7218AE852C17448C00009983 /* FriendProfileModel.swift in Sources */,
				72E8799F2BDE430800258CF6 /* UserInfoModel.swift in Sources */,
				727D22112B729BD70079FE9E /* WelcomeView.swift in Sources */,
				725A52032BD5350700F3E32D /* MyProdectItem.swift in Sources */,
				7218AE8D2C175E5A00009983 /* FriendPostsView.swift in Sources */,
				726714772BC4CC7B00333B90 /* ProductModel.swift in Sources */,
				7218AE832C15A1CC00009983 /* UserProfileViewModel.swift in Sources */,
				727190372C1CD9400011555B /* AllReportedPosts.swift in Sources */,
				7230F7922BF1FEE4000BA6E1 /* AllFishesView.swift in Sources */,
				7230F78A2BF1F911000BA6E1 /* FishModel.swift in Sources */,
				729007232BA8AB2200FEA563 /* EmailText.swift in Sources */,
				729276012B83D69C005BC34B /* GifView.swift in Sources */,
				7230F7902BF1FBB4000BA6E1 /* FishItemView.swift in Sources */,
				722DAACE2BF9D76900FE703D /* AllPostsViewModel.swift in Sources */,
				726714732BC4C09700333B90 /* AllProductsViewModel.swift in Sources */,
				722DAACA2BF89AAD00FE703D /* PostModel.swift in Sources */,
				724DDCFE2B9C6FBD0088879F /* LoginViewModel.swift in Sources */,
				7284103F2BC75993004FB570 /* ProductDetailsView.swift in Sources */,
				725135E92C18D3B300A2A239 /* AdminProfileView.swift in Sources */,
				72CD7F662BC707150076618C /* ProduuctItemHeaderView.swift in Sources */,
				727D223D2B72B2BD0079FE9E /* RegestrationView.swift in Sources */,
				7267147A2BC4D97400333B90 /* data.swift in Sources */,
				729DF9A62BCE4737003D4165 /* ProductSFavView.swift in Sources */,
				7274DEA22BE4DB69008212B4 /* MainTabCustom.swift in Sources */,
				7208FDA42B911F270040313D /* WeatherView.swift in Sources */,
				729007252BA8B4C600FEA563 /* ProductCell.swift in Sources */,
				72A61DDD2BAD9DA7002FEA85 /* AddProductViewModel.swift in Sources */,
				722DAAC82BF8903B00FE703D /* AddPostView.swift in Sources */,
				72D324C92C14F72A009277C8 /* CommentView.swift in Sources */,
				7218AE932C17814600009983 /* FriendPrroductItemView.swift in Sources */,
				728977EA2C1CECE20089AB45 /* ReportedProoductViewModel.swift in Sources */,
				72D324CD2C14FF86009277C8 /* CommentModel.swift in Sources */,
				7290071D2BA8A8C100FEA563 /* ShopView.swift in Sources */,
				721F901D2BFA27A100693D12 /* MyPostsViewModel.swift in Sources */,
				728977EC2C1CEDC80089AB45 /* ReportedProductItemView.swift in Sources */,
				7218AE952C17833400009983 /* FrriendAllPrroducts.swift in Sources */,
				722DAACC2BF89B0900FE703D /* AddPostViewModel.swift in Sources */,
				72D0919A2BD7C3C80046789B /* MyProductsView.swift in Sources */,
				72D324D12C150538009277C8 /* AllCommentViewModel.swift in Sources */,
				7218AE8F2C177FDB00009983 /* FriendProductViewModel.swift in Sources */,
				72A61DDF2BADC998002FEA85 /* ImagePicker.swift in Sources */,
				722DAAD02BF9DB7200FE703D /* AllPostsView.swift in Sources */,
				72E879A12BDE43DC00258CF6 /* UpdateUserInfoView.swift in Sources */,
				72D324C12C14B1E0009277C8 /* PostView.swift in Sources */,
				727D22392B729C0B0079FE9E /* Validations.swift in Sources */,
				7218AE892C17461200009983 /* FriendProfileView.swift in Sources */,
				72FCD9FD2BCCF6A500A896FD /* ProfileView.swift in Sources */,
				7208FDA02B910F990040313D /* ForecastResponse.swift in Sources */,
				7218AE872C17451D00009983 /* FriendProfileViewModel.swift in Sources */,
				7259F91B2B8406BF00DA1AD0 /* LottieView.swift in Sources */,
				729DF9A22BCE14C6003D4165 /* FavouriteProductItem.swift in Sources */,
				727D223B2B72B2580079FE9E /* LoginView.swift in Sources */,
				72D973012BF4CBBF00B8C7AA /* UpdateProductViewModel.swift in Sources */,
				727D220F2B729BD70079FE9E /* Fish_BookApp.swift in Sources */,
				725135EB2C18DEE500A2A239 /* ReportedPostViewItem.swift in Sources */,
				7218AE8B2C175D3E00009983 /* FriendPostsViewModel.swift in Sources */,
				724DDCFB2B9C63050088879F /* WebServices.swift in Sources */,
				72D324CF2C150217009277C8 /* AddCoommentViewModel.swift in Sources */,
				7259F91D2B8411C800DA1AD0 /* SplashScreenView.swift in Sources */,
				72B9454B2B8538370021D718 /* AllowNotificationView.swift in Sources */,
				727190352C1CD70C0011555B /* ReportPostsViewModel.swift in Sources */,
				72E879A32BDE5B6F00258CF6 /* UpdateUserInfoViewModel.swift in Sources */,
				72D324CB2C14FD1E009277C8 /* AppDelegate.swift in Sources */,
				7230F7942BF209B5000BA6E1 /* FishDetaisView.swift in Sources */,
			);
			runOnlyForDeploymentPostprocessing = 0;
		};
		727D22172B729BDE0079FE9E /* Sources */ = {
			isa = PBXSourcesBuildPhase;
			buildActionMask = 2147483647;
			files = (
				727D22202B729BDE0079FE9E /* Fish_BookTests.swift in Sources */,
			);
			runOnlyForDeploymentPostprocessing = 0;
		};
		727D22212B729BDE0079FE9E /* Sources */ = {
			isa = PBXSourcesBuildPhase;
			buildActionMask = 2147483647;
			files = (
				727D222A2B729BDE0079FE9E /* Fish_BookUITests.swift in Sources */,
				727D222C2B729BDE0079FE9E /* Fish_BookUITestsLaunchTests.swift in Sources */,
			);
			runOnlyForDeploymentPostprocessing = 0;
		};
/* End PBXSourcesBuildPhase section */

/* Begin PBXTargetDependency section */
		727D221D2B729BDE0079FE9E /* PBXTargetDependency */ = {
			isa = PBXTargetDependency;
			target = 727D220A2B729BD70079FE9E /* Fish Book */;
			targetProxy = 727D221C2B729BDE0079FE9E /* PBXContainerItemProxy */;
		};
		727D22272B729BDE0079FE9E /* PBXTargetDependency */ = {
			isa = PBXTargetDependency;
			target = 727D220A2B729BD70079FE9E /* Fish Book */;
			targetProxy = 727D22262B729BDE0079FE9E /* PBXContainerItemProxy */;
		};
/* End PBXTargetDependency section */

/* Begin XCBuildConfiguration section */
		727D222D2B729BDE0079FE9E /* Debug */ = {
			isa = XCBuildConfiguration;
			buildSettings = {
				ALWAYS_SEARCH_USER_PATHS = NO;
				CLANG_ANALYZER_NONNULL = YES;
				CLANG_ANALYZER_NUMBER_OBJECT_CONVERSION = YES_AGGRESSIVE;
				CLANG_CXX_LANGUAGE_STANDARD = "gnu++20";
				CLANG_ENABLE_MODULES = YES;
				CLANG_ENABLE_OBJC_ARC = YES;
				CLANG_ENABLE_OBJC_WEAK = YES;
				CLANG_WARN_BLOCK_CAPTURE_AUTORELEASING = YES;
				CLANG_WARN_BOOL_CONVERSION = YES;
				CLANG_WARN_COMMA = YES;
				CLANG_WARN_CONSTANT_CONVERSION = YES;
				CLANG_WARN_DEPRECATED_OBJC_IMPLEMENTATIONS = YES;
				CLANG_WARN_DIRECT_OBJC_ISA_USAGE = YES_ERROR;
				CLANG_WARN_DOCUMENTATION_COMMENTS = YES;
				CLANG_WARN_EMPTY_BODY = YES;
				CLANG_WARN_ENUM_CONVERSION = YES;
				CLANG_WARN_INFINITE_RECURSION = YES;
				CLANG_WARN_INT_CONVERSION = YES;
				CLANG_WARN_NON_LITERAL_NULL_CONVERSION = YES;
				CLANG_WARN_OBJC_IMPLICIT_RETAIN_SELF = YES;
				CLANG_WARN_OBJC_LITERAL_CONVERSION = YES;
				CLANG_WARN_OBJC_ROOT_CLASS = YES_ERROR;
				CLANG_WARN_QUOTED_INCLUDE_IN_FRAMEWORK_HEADER = YES;
				CLANG_WARN_RANGE_LOOP_ANALYSIS = YES;
				CLANG_WARN_STRICT_PROTOTYPES = YES;
				CLANG_WARN_SUSPICIOUS_MOVE = YES;
				CLANG_WARN_UNGUARDED_AVAILABILITY = YES_AGGRESSIVE;
				CLANG_WARN_UNREACHABLE_CODE = YES;
				CLANG_WARN__DUPLICATE_METHOD_MATCH = YES;
				COPY_PHASE_STRIP = NO;
				DEBUG_INFORMATION_FORMAT = dwarf;
				ENABLE_STRICT_OBJC_MSGSEND = YES;
				ENABLE_TESTABILITY = YES;
				GCC_C_LANGUAGE_STANDARD = gnu11;
				GCC_DYNAMIC_NO_PIC = NO;
				GCC_NO_COMMON_BLOCKS = YES;
				GCC_OPTIMIZATION_LEVEL = 0;
				GCC_PREPROCESSOR_DEFINITIONS = (
					"DEBUG=1",
					"$(inherited)",
				);
				GCC_WARN_64_TO_32_BIT_CONVERSION = YES;
				GCC_WARN_ABOUT_RETURN_TYPE = YES_ERROR;
				GCC_WARN_UNDECLARED_SELECTOR = YES;
				GCC_WARN_UNINITIALIZED_AUTOS = YES_AGGRESSIVE;
				GCC_WARN_UNUSED_FUNCTION = YES;
				GCC_WARN_UNUSED_VARIABLE = YES;
				IPHONEOS_DEPLOYMENT_TARGET = 16.4;
				MTL_ENABLE_DEBUG_INFO = INCLUDE_SOURCE;
				MTL_FAST_MATH = YES;
				ONLY_ACTIVE_ARCH = YES;
				SDKROOT = iphoneos;
				SWIFT_ACTIVE_COMPILATION_CONDITIONS = DEBUG;
				SWIFT_OPTIMIZATION_LEVEL = "-Onone";
			};
			name = Debug;
		};
		727D222E2B729BDE0079FE9E /* Release */ = {
			isa = XCBuildConfiguration;
			buildSettings = {
				ALWAYS_SEARCH_USER_PATHS = NO;
				CLANG_ANALYZER_NONNULL = YES;
				CLANG_ANALYZER_NUMBER_OBJECT_CONVERSION = YES_AGGRESSIVE;
				CLANG_CXX_LANGUAGE_STANDARD = "gnu++20";
				CLANG_ENABLE_MODULES = YES;
				CLANG_ENABLE_OBJC_ARC = YES;
				CLANG_ENABLE_OBJC_WEAK = YES;
				CLANG_WARN_BLOCK_CAPTURE_AUTORELEASING = YES;
				CLANG_WARN_BOOL_CONVERSION = YES;
				CLANG_WARN_COMMA = YES;
				CLANG_WARN_CONSTANT_CONVERSION = YES;
				CLANG_WARN_DEPRECATED_OBJC_IMPLEMENTATIONS = YES;
				CLANG_WARN_DIRECT_OBJC_ISA_USAGE = YES_ERROR;
				CLANG_WARN_DOCUMENTATION_COMMENTS = YES;
				CLANG_WARN_EMPTY_BODY = YES;
				CLANG_WARN_ENUM_CONVERSION = YES;
				CLANG_WARN_INFINITE_RECURSION = YES;
				CLANG_WARN_INT_CONVERSION = YES;
				CLANG_WARN_NON_LITERAL_NULL_CONVERSION = YES;
				CLANG_WARN_OBJC_IMPLICIT_RETAIN_SELF = YES;
				CLANG_WARN_OBJC_LITERAL_CONVERSION = YES;
				CLANG_WARN_OBJC_ROOT_CLASS = YES_ERROR;
				CLANG_WARN_QUOTED_INCLUDE_IN_FRAMEWORK_HEADER = YES;
				CLANG_WARN_RANGE_LOOP_ANALYSIS = YES;
				CLANG_WARN_STRICT_PROTOTYPES = YES;
				CLANG_WARN_SUSPICIOUS_MOVE = YES;
				CLANG_WARN_UNGUARDED_AVAILABILITY = YES_AGGRESSIVE;
				CLANG_WARN_UNREACHABLE_CODE = YES;
				CLANG_WARN__DUPLICATE_METHOD_MATCH = YES;
				COPY_PHASE_STRIP = NO;
				DEBUG_INFORMATION_FORMAT = "dwarf-with-dsym";
				ENABLE_NS_ASSERTIONS = NO;
				ENABLE_STRICT_OBJC_MSGSEND = YES;
				GCC_C_LANGUAGE_STANDARD = gnu11;
				GCC_NO_COMMON_BLOCKS = YES;
				GCC_WARN_64_TO_32_BIT_CONVERSION = YES;
				GCC_WARN_ABOUT_RETURN_TYPE = YES_ERROR;
				GCC_WARN_UNDECLARED_SELECTOR = YES;
				GCC_WARN_UNINITIALIZED_AUTOS = YES_AGGRESSIVE;
				GCC_WARN_UNUSED_FUNCTION = YES;
				GCC_WARN_UNUSED_VARIABLE = YES;
				IPHONEOS_DEPLOYMENT_TARGET = 16.4;
				MTL_ENABLE_DEBUG_INFO = NO;
				MTL_FAST_MATH = YES;
				SDKROOT = iphoneos;
				SWIFT_COMPILATION_MODE = wholemodule;
				SWIFT_OPTIMIZATION_LEVEL = "-O";
				VALIDATE_PRODUCT = YES;
			};
			name = Release;
		};
		727D22302B729BDE0079FE9E /* Debug */ = {
			isa = XCBuildConfiguration;
			baseConfigurationReference = 34CB37A20DB19F4882D4CDDF /* Pods-Fish Book.debug.xcconfig */;
			buildSettings = {
				ASSETCATALOG_COMPILER_APPICON_NAME = AppIcon;
				ASSETCATALOG_COMPILER_GLOBAL_ACCENT_COLOR_NAME = AccentColor;
				CODE_SIGN_STYLE = Automatic;
				CURRENT_PROJECT_VERSION = 1;
				DEVELOPMENT_ASSET_PATHS = "\"Fish Book/Preview Content\"";
				ENABLE_PREVIEWS = YES;
				GENERATE_INFOPLIST_FILE = YES;
				INFOPLIST_KEY_UIApplicationSceneManifest_Generation = YES;
				INFOPLIST_KEY_UIApplicationSupportsIndirectInputEvents = YES;
				INFOPLIST_KEY_UILaunchScreen_Generation = YES;
				INFOPLIST_KEY_UISupportedInterfaceOrientations_iPad = "UIInterfaceOrientationPortrait UIInterfaceOrientationPortraitUpsideDown UIInterfaceOrientationLandscapeLeft UIInterfaceOrientationLandscapeRight";
				INFOPLIST_KEY_UISupportedInterfaceOrientations_iPhone = "UIInterfaceOrientationPortrait UIInterfaceOrientationLandscapeLeft UIInterfaceOrientationLandscapeRight";
				LD_RUNPATH_SEARCH_PATHS = (
					"$(inherited)",
					"@executable_path/Frameworks",
				);
				MARKETING_VERSION = 1.0;
				PRODUCT_BUNDLE_IDENTIFIER = "mmnbgf.com.Fish-Book";
				PRODUCT_NAME = "$(TARGET_NAME)";
				SWIFT_EMIT_LOC_STRINGS = YES;
				SWIFT_VERSION = 5.0;
				TARGETED_DEVICE_FAMILY = "1,2";
			};
			name = Debug;
		};
		727D22312B729BDE0079FE9E /* Release */ = {
			isa = XCBuildConfiguration;
			baseConfigurationReference = 79AC893579327CC9926EE561 /* Pods-Fish Book.release.xcconfig */;
			buildSettings = {
				ASSETCATALOG_COMPILER_APPICON_NAME = AppIcon;
				ASSETCATALOG_COMPILER_GLOBAL_ACCENT_COLOR_NAME = AccentColor;
				CODE_SIGN_STYLE = Automatic;
				CURRENT_PROJECT_VERSION = 1;
				DEVELOPMENT_ASSET_PATHS = "\"Fish Book/Preview Content\"";
				ENABLE_PREVIEWS = YES;
				GENERATE_INFOPLIST_FILE = YES;
				INFOPLIST_KEY_UIApplicationSceneManifest_Generation = YES;
				INFOPLIST_KEY_UIApplicationSupportsIndirectInputEvents = YES;
				INFOPLIST_KEY_UILaunchScreen_Generation = YES;
				INFOPLIST_KEY_UISupportedInterfaceOrientations_iPad = "UIInterfaceOrientationPortrait UIInterfaceOrientationPortraitUpsideDown UIInterfaceOrientationLandscapeLeft UIInterfaceOrientationLandscapeRight";
				INFOPLIST_KEY_UISupportedInterfaceOrientations_iPhone = "UIInterfaceOrientationPortrait UIInterfaceOrientationLandscapeLeft UIInterfaceOrientationLandscapeRight";
				LD_RUNPATH_SEARCH_PATHS = (
					"$(inherited)",
					"@executable_path/Frameworks",
				);
				MARKETING_VERSION = 1.0;
				PRODUCT_BUNDLE_IDENTIFIER = "mmnbgf.com.Fish-Book";
				PRODUCT_NAME = "$(TARGET_NAME)";
				SWIFT_EMIT_LOC_STRINGS = YES;
				SWIFT_VERSION = 5.0;
				TARGETED_DEVICE_FAMILY = "1,2";
			};
			name = Release;
		};
		727D22332B729BDE0079FE9E /* Debug */ = {
			isa = XCBuildConfiguration;
			baseConfigurationReference = A2D4B9684C52382D0D28BC49 /* Pods-Fish BookTests.debug.xcconfig */;
			buildSettings = {
				ALWAYS_EMBED_SWIFT_STANDARD_LIBRARIES = YES;
				BUNDLE_LOADER = "$(TEST_HOST)";
				CODE_SIGN_STYLE = Automatic;
				CURRENT_PROJECT_VERSION = 1;
				GENERATE_INFOPLIST_FILE = YES;
				IPHONEOS_DEPLOYMENT_TARGET = 16.4;
				MARKETING_VERSION = 1.0;
				PRODUCT_BUNDLE_IDENTIFIER = "mmnbgf.com.Fish-BookTests";
				PRODUCT_NAME = "$(TARGET_NAME)";
				SWIFT_EMIT_LOC_STRINGS = NO;
				SWIFT_VERSION = 5.0;
				TARGETED_DEVICE_FAMILY = "1,2";
				TEST_HOST = "$(BUILT_PRODUCTS_DIR)/Fish Book.app/$(BUNDLE_EXECUTABLE_FOLDER_PATH)/Fish Book";
			};
			name = Debug;
		};
		727D22342B729BDE0079FE9E /* Release */ = {
			isa = XCBuildConfiguration;
			baseConfigurationReference = 820E85FC8824F1B3797207BD /* Pods-Fish BookTests.release.xcconfig */;
			buildSettings = {
				ALWAYS_EMBED_SWIFT_STANDARD_LIBRARIES = YES;
				BUNDLE_LOADER = "$(TEST_HOST)";
				CODE_SIGN_STYLE = Automatic;
				CURRENT_PROJECT_VERSION = 1;
				GENERATE_INFOPLIST_FILE = YES;
				IPHONEOS_DEPLOYMENT_TARGET = 16.4;
				MARKETING_VERSION = 1.0;
				PRODUCT_BUNDLE_IDENTIFIER = "mmnbgf.com.Fish-BookTests";
				PRODUCT_NAME = "$(TARGET_NAME)";
				SWIFT_EMIT_LOC_STRINGS = NO;
				SWIFT_VERSION = 5.0;
				TARGETED_DEVICE_FAMILY = "1,2";
				TEST_HOST = "$(BUILT_PRODUCTS_DIR)/Fish Book.app/$(BUNDLE_EXECUTABLE_FOLDER_PATH)/Fish Book";
			};
			name = Release;
		};
		727D22362B729BDE0079FE9E /* Debug */ = {
			isa = XCBuildConfiguration;
			baseConfigurationReference = E6C3737C26D76F981C2D463E /* Pods-Fish Book-Fish BookUITests.debug.xcconfig */;
			buildSettings = {
				ALWAYS_EMBED_SWIFT_STANDARD_LIBRARIES = YES;
				CODE_SIGN_STYLE = Automatic;
				CURRENT_PROJECT_VERSION = 1;
				GENERATE_INFOPLIST_FILE = YES;
				MARKETING_VERSION = 1.0;
				PRODUCT_BUNDLE_IDENTIFIER = "mmnbgf.com.Fish-BookUITests";
				PRODUCT_NAME = "$(TARGET_NAME)";
				SWIFT_EMIT_LOC_STRINGS = NO;
				SWIFT_VERSION = 5.0;
				TARGETED_DEVICE_FAMILY = "1,2";
				TEST_TARGET_NAME = "Fish Book";
			};
			name = Debug;
		};
		727D22372B729BDE0079FE9E /* Release */ = {
			isa = XCBuildConfiguration;
			baseConfigurationReference = 02C4EFE5DAA60BE95FEFC36F /* Pods-Fish Book-Fish BookUITests.release.xcconfig */;
			buildSettings = {
				ALWAYS_EMBED_SWIFT_STANDARD_LIBRARIES = YES;
				CODE_SIGN_STYLE = Automatic;
				CURRENT_PROJECT_VERSION = 1;
				GENERATE_INFOPLIST_FILE = YES;
				MARKETING_VERSION = 1.0;
				PRODUCT_BUNDLE_IDENTIFIER = "mmnbgf.com.Fish-BookUITests";
				PRODUCT_NAME = "$(TARGET_NAME)";
				SWIFT_EMIT_LOC_STRINGS = NO;
				SWIFT_VERSION = 5.0;
				TARGETED_DEVICE_FAMILY = "1,2";
				TEST_TARGET_NAME = "Fish Book";
			};
			name = Release;
		};
/* End XCBuildConfiguration section */

/* Begin XCConfigurationList section */
		727D22062B729BD70079FE9E /* Build configuration list for PBXProject "Fish Book" */ = {
			isa = XCConfigurationList;
			buildConfigurations = (
				727D222D2B729BDE0079FE9E /* Debug */,
				727D222E2B729BDE0079FE9E /* Release */,
			);
			defaultConfigurationIsVisible = 0;
			defaultConfigurationName = Release;
		};
		727D222F2B729BDE0079FE9E /* Build configuration list for PBXNativeTarget "Fish Book" */ = {
			isa = XCConfigurationList;
			buildConfigurations = (
				727D22302B729BDE0079FE9E /* Debug */,
				727D22312B729BDE0079FE9E /* Release */,
			);
			defaultConfigurationIsVisible = 0;
			defaultConfigurationName = Release;
		};
		727D22322B729BDE0079FE9E /* Build configuration list for PBXNativeTarget "Fish BookTests" */ = {
			isa = XCConfigurationList;
			buildConfigurations = (
				727D22332B729BDE0079FE9E /* Debug */,
				727D22342B729BDE0079FE9E /* Release */,
			);
			defaultConfigurationIsVisible = 0;
			defaultConfigurationName = Release;
		};
		727D22352B729BDE0079FE9E /* Build configuration list for PBXNativeTarget "Fish BookUITests" */ = {
			isa = XCConfigurationList;
			buildConfigurations = (
				727D22362B729BDE0079FE9E /* Debug */,
				727D22372B729BDE0079FE9E /* Release */,
			);
			defaultConfigurationIsVisible = 0;
			defaultConfigurationName = Release;
		};
/* End XCConfigurationList section */

/* Begin XCRemoteSwiftPackageReference section */
		7208FDA52B913E800040313D /* XCRemoteSwiftPackageReference "SDWebImageSwiftUI" */ = {
			isa = XCRemoteSwiftPackageReference;
			repositoryURL = "https://github.com/SDWebImage/SDWebImageSwiftUI";
			requirement = {
				kind = upToNextMajorVersion;
				minimumVersion = 2.0.0;
			};
		};
/* End XCRemoteSwiftPackageReference section */

/* Begin XCSwiftPackageProductDependency section */
		7208FDA62B913E800040313D /* SDWebImageSwiftUI */ = {
			isa = XCSwiftPackageProductDependency;
			package = 7208FDA52B913E800040313D /* XCRemoteSwiftPackageReference "SDWebImageSwiftUI" */;
			productName = SDWebImageSwiftUI;
		};
/* End XCSwiftPackageProductDependency section */
	};
	rootObject = 727D22032B729BD70079FE9E /* Project object */;
}
